
Microsoft Visual Studio Solution File, Format Version 12.00
Project("{FAE04EC0-301F-11D3-BF4B-00C04F79EFBC}") = "T1807M1", "T1807M1\T1807M1.csproj", "{3E4579C1-4A51-4C23-AB8A-3C8BD771D2E8}"
EndProject
Global
	GlobalSection(SolutionConfigurationPlatforms) = preSolution
		Debug|Any CPU = Debug|Any CPU
		Release|Any CPU = Release|Any CPU
	EndGlobalSection
	GlobalSection(ProjectConfigurationPlatforms) = postSolution
		{3E4579C1-4A51-4C23-AB8A-3C8BD771D2E8}.Debug|Any CPU.ActiveCfg = Debug|Any CPU
		{3E4579C1-4A51-4C23-AB8A-3C8BD771D2E8}.Debug|Any CPU.Build.0 = Debug|Any CPU
		{3E4579C1-4A51-4C23-AB8A-3C8BD771D2E8}.Release|Any CPU.ActiveCfg = Release|Any CPU
		{3E4579C1-4A51-4C23-AB8A-3C8BD771D2E8}.Release|Any CPU.Build.0 = Release|Any CPU
	EndGlobalSection
EndGlobal
